<?xml version="1.0" encoding="utf-8"?>
<Project ToolsVersion="4.0" xmlns="http://schemas.microsoft.com/developer/msbuild/2003">
  <ItemGroup>
    <Filter Include="Source Files">
      <UniqueIdentifier>{4FC737F1-C7A5-4376-A066-2A32D752A2FF}</UniqueIdentifier>
      <Extensions>cpp;c;cc;cxx;def;odl;idl;hpj;bat;asm;asmx</Extensions>
    </Filter>
    <Filter Include="Header Files">
      <UniqueIdentifier>{93995380-89BD-4b04-88EB-625FBE52EBFB}</UniqueIdentifier>
      <Extensions>h;hh;hpp;hxx;hm;inl;inc;xsd</Extensions>
    </Filter>
    <Filter Include="Resource Files">
      <UniqueIdentifier>{67DA6AB6-F800-4c08-8B7A-83BB121AAD01}</UniqueIdentifier>
      <Extensions>rc;ico;cur;bmp;dlg;rc2;rct;bin;rgs;gif;jpg;jpeg;jpe;resx;tiff;tif;png;wav;mfcribbon-ms</Extensions>
    </Filter>
  </ItemGroup>
  <ItemGroup>
    <Text Include="ReadMe.txt" />
  </ItemGroup>
  <ItemGroup>
    <ClInclude Include="src\fin\app\components\audio\iaudiocomponent.h">
      <Filter>Header Files</Filter>
    </ClInclude>
    <ClInclude Include="src\fin\app\components\collision\collisioncomponent.h">
      <Filter>Header Files</Filter>
    </ClInclude>
    <ClInclude Include="src\fin\app\components\control\controlcomponent.h">
      <Filter>Header Files</Filter>
    </ClInclude>
    <ClInclude Include="src\fin\app\components\physics\physicscomponent.h">
      <Filter>Header Files</Filter>
    </ClInclude>
    <ClInclude Include="src\fin\app\components\icomponent.h">
      <Filter>Header Files</Filter>
    </ClInclude>
    <ClInclude Include="src\fin\data\collections\list\ilist.h">
      <Filter>Header Files</Filter>
    </ClInclude>
    <ClInclude Include="src\fin\data\collections\icollection.h">
      <Filter>Header Files</Filter>
    </ClInclude>
    <ClInclude Include="src\fin\graphics\texture\imagetexture.h">
      <Filter>Header Files</Filter>
    </ClInclude>
    <ClInclude Include="src\fin\graphics\texture\itexture.h">
      <Filter>Header Files</Filter>
    </ClInclude>
    <ClInclude Include="src\fin\input\mouse.h">
      <Filter>Header Files</Filter>
    </ClInclude>
    <ClInclude Include="stdafx.h">
      <Filter>Header Files</Filter>
    </ClInclude>
    <ClInclude Include="targetver.h">
      <Filter>Header Files</Filter>
    </ClInclude>
    <ClInclude Include="src\fin\app\components\data\positiondata2d.h">
      <Filter>Header Files</Filter>
    </ClInclude>
    <ClInclude Include="src\fin\app\components\render\irendercomponent.h">
      <Filter>Header Files</Filter>
    </ClInclude>
    <ClInclude Include="src\fin\data\iiterable.h">
      <Filter>Header Files</Filter>
    </ClInclude>
    <ClInclude Include="src\fin\graphics\igraphics.h">
      <Filter>Header Files</Filter>
    </ClInclude>
    <ClInclude Include="src\fin\graphics\isettings.h">
      <Filter>Header Files</Filter>
    </ClInclude>
    <ClInclude Include="src\fin\graphics\iprimitives.h">
      <Filter>Header Files</Filter>
    </ClInclude>
    <ClInclude Include="src\fin\graphics\render3d.h">
      <Filter>Header Files</Filter>
    </ClInclude>
    <ClInclude Include="src\fin\graphics\render2d.h">
      <Filter>Header Files</Filter>
    </ClInclude>
    <ClInclude Include="src\fin\app\appfactory.h">
      <Filter>Header Files</Filter>
    </ClInclude>
    <ClInclude Include="src\fin\app\iservice.h">
      <Filter>Header Files</Filter>
    </ClInclude>
    <ClInclude Include="src\fin\graphics\impl\gl\graphicsgl.h">
      <Filter>Header Files</Filter>
    </ClInclude>
    <ClInclude Include="src\fin\graphics\impl\gl\primitivesgl.h">
      <Filter>Header Files</Filter>
    </ClInclude>
    <ClInclude Include="src\fin\data\collections\set\iset.h">
      <Filter>Header Files</Filter>
    </ClInclude>
    <ClInclude Include="src\fin\data\collections\set\hashset.h">
      <Filter>Header Files</Filter>
    </ClInclude>
    <ClInclude Include="src\fin\app\actor\iactor.h">
      <Filter>Header Files</Filter>
    </ClInclude>
    <ClInclude Include="src\fin\app\actor\componentactor.h">
      <Filter>Header Files</Filter>
    </ClInclude>
    <ClInclude Include="src\fin\graphics\itransform.h">
      <Filter>Header Files</Filter>
    </ClInclude>
    <ClInclude Include="src\fin\input\keydefs.h">
      <Filter>Header Files</Filter>
    </ClInclude>
    <ClInclude Include="src\fin\input\impl\glfw\keyconverterglfw.h">
      <Filter>Header Files</Filter>
    </ClInclude>
    <ClInclude Include="src\fin\input\pressabledefs.h">
      <Filter>Header Files</Filter>
    </ClInclude>
    <ClInclude Include="src\fin\input\ikeyconverter.h">
      <Filter>Header Files</Filter>
    </ClInclude>
    <ClInclude Include="src\fin\input\ikeyboard.h">
      <Filter>Header Files</Filter>
    </ClInclude>
    <ClInclude Include="src\fin\input\iinput.h">
      <Filter>Header Files</Filter>
    </ClInclude>
    <ClInclude Include="src\fin\input\impl\glfw\keyboardglfw.h">
      <Filter>Header Files</Filter>
    </ClInclude>
    <ClInclude Include="src\fin\app\iwindow.h">
      <Filter>Header Files</Filter>
    </ClInclude>
    <ClInclude Include="src\fin\app\impl\glfw\windowglfw.h">
      <Filter>Header Files</Filter>
    </ClInclude>
    <ClInclude Include="src\fin\app\impl\glfw\appglfw.h">
      <Filter>Header Files</Filter>
    </ClInclude>
    <ClInclude Include="src\fin\app\iapp.h">
      <Filter>Header Files</Filter>
    </ClInclude>
    <ClInclude Include="src\fin\audio\iaudio.h">
      <Filter>Header Files</Filter>
    </ClInclude>
    <ClInclude Include="src\fin\input\impl\glfw\inputglfw.h">
      <Filter>Header Files</Filter>
    </ClInclude>
    <ClInclude Include="src\fin\input\ipointingdevice.h">
      <Filter>Header Files</Filter>
    </ClInclude>
    <ClInclude Include="src\fin\input\layout\moderninputlayout.h">
      <Filter>Header Files</Filter>
    </ClInclude>
    <ClInclude Include="src\fin\input\directionalinputstats.h">
      <Filter>Header Files</Filter>
    </ClInclude>
    <ClInclude Include="src\fin\input\idirectionalinput.h">
      <Filter>Header Files</Filter>
    </ClInclude>
    <ClInclude Include="src\fin\input\ipressableinput.h">
      <Filter>Header Files</Filter>
    </ClInclude>
    <ClInclude Include="src\fin\input\pressableinputstats.h">
      <Filter>Header Files</Filter>
    </ClInclude>
    <ClInclude Include="src\fin\graphics\irendertext.h">
      <Filter>Header Files</Filter>
    </ClInclude>
    <ClInclude Include="src\fin\graphics\rendervectortext.h">
      <Filter>Header Files</Filter>
    </ClInclude>
    <ClInclude Include="src\fin\math\trig.h">
      <Filter>Header Files</Filter>
    </ClInclude>
    <ClInclude Include="src\fin\math\random.h">
      <Filter>Header Files</Filter>
    </ClInclude>
    <ClInclude Include="src\fin\time\time.h">
      <Filter>Header Files</Filter>
    </ClInclude>
    <ClInclude Include="src\fin\time\stopwatch.h">
      <Filter>Header Files</Filter>
    </ClInclude>
    <ClInclude Include="src\fin\math\interpolate.h">
      <Filter>Header Files</Filter>
    </ClInclude>
    <ClInclude Include="src\fin\input\pressableinputdirectionalinput.h">
      <Filter>Header Files</Filter>
    </ClInclude>
    <ClInclude Include="src\fin\math\binary.h">
      <Filter>Header Files</Filter>
    </ClInclude>
    <ClInclude Include="src\fin\input\keypressableinput.h">
      <Filter>Header Files</Filter>
    </ClInclude>
    <ClInclude Include="src\fin\code\compile\iregister.h">
      <Filter>Header Files</Filter>
    </ClInclude>
    <ClInclude Include="lib\cimg\CImg.h">
      <Filter>Header Files</Filter>
    </ClInclude>
    <ClInclude Include="src\fin\graphics\impl\gl\transformgl.h">
      <Filter>Header Files</Filter>
    </ClInclude>
    <ClInclude Include="src\fin\graphics\view.h">
      <Filter>Header Files</Filter>
    </ClInclude>
    <ClInclude Include="src\fin\app\stage.h">
      <Filter>Header Files</Filter>
    </ClInclude>
    <ClInclude Include="src\fin\graphics\iscreen.h">
      <Filter>Header Files</Filter>
    </ClInclude>
    <ClInclude Include="src\fin\graphics\impl\gl\screengl.h">
      <Filter>Header Files</Filter>
    </ClInclude>
    <ClInclude Include="src\fin\code\parse\value\iconstant.h">
      <Filter>Header Files</Filter>
    </ClInclude>
    <ClInclude Include="src\fin\code\parse\value\ivalue.h">
      <Filter>Header Files</Filter>
    </ClInclude>
    <ClInclude Include="src\fin\code\parse\statement\definevariablestatement.h">
      <Filter>Header Files</Filter>
    </ClInclude>
    <ClInclude Include="src\fin\code\parse\value\ivariable.h">
      <Filter>Header Files</Filter>
    </ClInclude>
    <ClInclude Include="src\fin\algorithm\string\parser.h">
      <Filter>Header Files</Filter>
    </ClInclude>
    <ClInclude Include="src\fin\code\parse\expression.h">
      <Filter>Header Files</Filter>
    </ClInclude>
    <ClInclude Include="src\fin\code\parse\statement\istatement.h">
      <Filter>Header Files</Filter>
    </ClInclude>
    <ClInclude Include="src\fin\code\parse\statement\block.h">
      <Filter>Header Files</Filter>
    </ClInclude>
    <ClInclude Include="src\fin\code\parse\statement\loop\iloopstatement.h">
      <Filter>Header Files</Filter>
    </ClInclude>
    <ClInclude Include="src\fin\code\parse\statement\loop\forloopstatement.h">
      <Filter>Header Files</Filter>
    </ClInclude>
    <ClInclude Include="src\fin\code\parse\statement\loop\whileloopstatement.h">
      <Filter>Header Files</Filter>
    </ClInclude>
    <ClInclude Include="src\fin\code\parse\statement\ifchainstatement.h">
      <Filter>Header Files</Filter>
    </ClInclude>
    <ClInclude Include="src\fin\code\parse\statement\switchstatement.h">
      <Filter>Header Files</Filter>
    </ClInclude>
    <ClInclude Include="src\fin\code\impl\pml\pml.h">
      <Filter>Header Files</Filter>
    </ClInclude>
    <ClInclude Include="src\fin\code\parse\statement\expressionstatement.h">
      <Filter>Header Files</Filter>
    </ClInclude>
    <ClInclude Include="src\fin\app\iscene.h">
      <Filter>Header Files</Filter>
    </ClInclude>
    <ClInclude Include="src\fin\math\shapes\treerectangle.h">
      <Filter>Header Files</Filter>
    </ClInclude>
    <ClInclude Include="src\fin\math\shapes\irectangle.h">
      <Filter>Header Files</Filter>
    </ClInclude>
    <ClInclude Include="src\fin\app\impl\sdl\appsdl.h">
      <Filter>Header Files</Filter>
    </ClInclude>
    <ClInclude Include="src\fin\input\impl\sdl\keyconvertersdl.h">
      <Filter>Header Files</Filter>
    </ClInclude>
    <ClInclude Include="src\fin\app\actor\hud\impl\statusratio.h">
      <Filter>Header Files</Filter>
    </ClInclude>
    <ClInclude Include="src\fin\app\actor\hud\ifractionalstatus.h">
      <Filter>Header Files</Filter>
    </ClInclude>
    <ClInclude Include="src\fin\algorithm\string\format.h">
      <Filter>Header Files</Filter>
    </ClInclude>
    <ClInclude Include="src\fin\common\macros.h">
      <Filter>Header Files</Filter>
    </ClInclude>
    <ClInclude Include="src\fin\debug\ilog.h">
      <Filter>Header Files</Filter>
    </ClInclude>
    <ClInclude Include="src\fin\debug\log.h">
      <Filter>Header Files</Filter>
    </ClInclude>
    <ClInclude Include="src\fin\debug\standardlog.h">
      <Filter>Header Files</Filter>
    </ClInclude>
    <ClInclude Include="src\fin\ui\ilist.h">
      <Filter>Header Files</Filter>
    </ClInclude>
    <ClInclude Include="src\fin\debug\exception.h">
      <Filter>Header Files</Filter>
    </ClInclude>
    <ClInclude Include="src\fin\time\deltatime.h">
      <Filter>Header Files</Filter>
    </ClInclude>
    <ClInclude Include="src\fin\data\collections\stack\istack.h">
      <Filter>Header Files</Filter>
    </ClInclude>
    <ClInclude Include="src\fin\data\collections\stack\stlstack.h">
      <Filter>Header Files</Filter>
    </ClInclude>
    <ClInclude Include="src\fin\data\collections\list\stlvector.h">
      <Filter>Header Files</Filter>
    </ClInclude>
    <ClInclude Include="src\fin\debug\memory.h">
      <Filter>Header Files</Filter>
    </ClInclude>
    <ClInclude Include="src\fin\io\file.h">
      <Filter>Header Files</Filter>
    </ClInclude>
    <ClInclude Include="src\fin\math\geometry\point3d.h">
      <Filter>Header Files</Filter>
    </ClInclude>
    <ClInclude Include="src\fin\math\geometry\point2d.h">
      <Filter>Header Files</Filter>
    </ClInclude>
    <ClInclude Include="src\fin\math\geometry\normal3d.h">
      <Filter>Header Files</Filter>
    </ClInclude>
    <ClInclude Include="src\fin\math\geometry\inormal3d.h">
      <Filter>Header Files</Filter>
    </ClInclude>
    <ClInclude Include="src\fin\graphics\camera\camera.h">
      <Filter>Header Files</Filter>
    </ClInclude>
    <ClInclude Include="src\fin\graphics\itextures.h">
      <Filter>Header Files</Filter>
    </ClInclude>
    <ClInclude Include="src\fin\graphics\impl\gl\texturesgl.h">
      <Filter>Header Files</Filter>
    </ClInclude>
  </ItemGroup>
  <ItemGroup>
    <ClCompile Include="stdafx.cpp">
      <Filter>Source Files</Filter>
    </ClCompile>
    <ClCompile Include="src\fin\app\iapp.cpp">
      <Filter>Source Files</Filter>
    </ClCompile>
    <ClCompile Include="src\fin\math\trig.cpp">
      <Filter>Source Files</Filter>
    </ClCompile>
    <ClCompile Include="src\fin\input\iinput.cpp">
      <Filter>Source Files</Filter>
    </ClCompile>
    <ClCompile Include="src\fin\input\keypressableinput.cpp">
      <Filter>Source Files</Filter>
    </ClCompile>
    <ClCompile Include="src\fin\graphics\view.cpp">
      <Filter>Source Files</Filter>
    </ClCompile>
    <ClCompile Include="src\fin\app\iwindow.cpp">
      <Filter>Source Files</Filter>
    </ClCompile>
    <ClCompile Include="src\fin\app\actor\iactor.cpp">
      <Filter>Source Files</Filter>
    </ClCompile>
    <ClCompile Include="src\fin\debug\log.cpp">
      <Filter>Source Files</Filter>
    </ClCompile>
    <ClCompile Include="src\fin\math\geometry\normal3d.cpp">
      <Filter>Source Files</Filter>
    </ClCompile>
    <ClCompile Include="src\fin\math\geometry\point3d.cpp">
      <Filter>Source Files</Filter>
    </ClCompile>
    <ClCompile Include="src\fin\graphics\camera\camera.cpp">
      <Filter>Source Files</Filter>
    </ClCompile>
  </ItemGroup>
  <ItemGroup>
    <None Include="packages.config" />
  </ItemGroup>
</Project>