<?xml version="1.0" encoding="utf-8"?>
<Project ToolsVersion="4.0" xmlns="http://schemas.microsoft.com/developer/msbuild/2003">
  <ItemGroup>
    <Filter Include="Source Files">
      <UniqueIdentifier>{4FC737F1-C7A5-4376-A066-2A32D752A2FF}</UniqueIdentifier>
      <Extensions>cpp;c;cc;cxx;def;odl;idl;hpj;bat;asm;asmx</Extensions>
    </Filter>
    <Filter Include="Header Files">
      <UniqueIdentifier>{93995380-89BD-4b04-88EB-625FBE52EBFB}</UniqueIdentifier>
      <Extensions>h;hh;hpp;hxx;hm;inl;inc;ipp;xsd</Extensions>
    </Filter>
    <Filter Include="Resource Files">
      <UniqueIdentifier>{67DA6AB6-F800-4c08-8B7A-83BB121AAD01}</UniqueIdentifier>
      <Extensions>rc;ico;cur;bmp;dlg;rc2;rct;bin;rgs;gif;jpg;jpeg;jpe;resx;tiff;tif;png;wav;mfcribbon-ms</Extensions>
    </Filter>
  </ItemGroup>
  <ItemGroup>
    <ClCompile Include="src\main.cpp">
      <Filter>Source Files</Filter>
    </ClCompile>
  </ItemGroup>
  <ItemGroup>
    <ClInclude Include="src\stages\asm\gb\header.h">
      <Filter>Header Files</Filter>
    </ClInclude>
    <ClInclude Include="src\stages\asm\gb\instructiondefs.h">
      <Filter>Header Files</Filter>
    </ClInclude>
    <ClInclude Include="src\stages\asm\gb\memory.h">
      <Filter>Header Files</Filter>
    </ClInclude>
    <ClInclude Include="src\stages\asm\gb\prettyprintinstruction.h">
      <Filter>Header Files</Filter>
    </ClInclude>
    <ClInclude Include="src\stages\asm\snes\smcheader.h">
      <Filter>Header Files</Filter>
    </ClInclude>
    <ClInclude Include="src\stages\asm\iregister.h">
      <Filter>Header Files</Filter>
    </ClInclude>
    <ClInclude Include="src\stages\asm\opcode\ijump.h">
      <Filter>Header Files</Filter>
    </ClInclude>
    <ClInclude Include="src\stages\uml\object\abstract_class.h">
      <Filter>Header Files</Filter>
    </ClInclude>
    <ClInclude Include="src\stages\uml\object\class.h">
      <Filter>Header Files</Filter>
    </ClInclude>
    <ClInclude Include="src\stages\uml\object\interface.h">
      <Filter>Header Files</Filter>
    </ClInclude>
    <ClInclude Include="src\stages\uml\data\variable.h">
      <Filter>Header Files</Filter>
    </ClInclude>
    <ClInclude Include="src\stages\uml\data\array.h">
      <Filter>Header Files</Filter>
    </ClInclude>
    <ClInclude Include="src\stages\uml\function\method.h">
      <Filter>Header Files</Filter>
    </ClInclude>
    <ClInclude Include="src\stages\uml\data\primitive\string.h">
      <Filter>Header Files</Filter>
    </ClInclude>
    <ClInclude Include="src\stages\uml\data\primitive\integer.h">
      <Filter>Header Files</Filter>
    </ClInclude>
    <ClInclude Include="src\stages\uml\structure\expression.h">
      <Filter>Header Files</Filter>
    </ClInclude>
    <ClInclude Include="src\stages\uml\structure\block.h">
      <Filter>Header Files</Filter>
    </ClInclude>
    <ClInclude Include="src\stages\uml\structure\term.h">
      <Filter>Header Files</Filter>
    </ClInclude>
    <ClInclude Include="src\stages\uml\structure\factor.h">
      <Filter>Header Files</Filter>
    </ClInclude>
    <ClInclude Include="src\stages\uml\data\struct.h">
      <Filter>Header Files</Filter>
    </ClInclude>
    <ClInclude Include="src\stages\uml\data\pointer.h">
      <Filter>Header Files</Filter>
    </ClInclude>
    <ClInclude Include="src\renderer\text\uml\cpp_to_string.h">
      <Filter>Header Files</Filter>
    </ClInclude>
    <ClInclude Include="src\stages\uml\structure\operation.h">
      <Filter>Header Files</Filter>
    </ClInclude>
    <ClInclude Include="src\stages\uml\structure\call.h">
      <Filter>Header Files</Filter>
    </ClInclude>
    <ClInclude Include="src\stages\uml\structure\control_flow\do_while.h">
      <Filter>Header Files</Filter>
    </ClInclude>
    <ClInclude Include="src\stages\uml\structure\control_flow\for.h">
      <Filter>Header Files</Filter>
    </ClInclude>
    <ClInclude Include="src\stages\uml\structure\control_flow\for_each.h">
      <Filter>Header Files</Filter>
    </ClInclude>
    <ClInclude Include="src\stages\uml\structure\control_flow\if_else.h">
      <Filter>Header Files</Filter>
    </ClInclude>
    <ClInclude Include="src\stages\uml\structure\control_flow\repeat.h">
      <Filter>Header Files</Filter>
    </ClInclude>
    <ClInclude Include="src\stages\uml\structure\control_flow\using.h">
      <Filter>Header Files</Filter>
    </ClInclude>
    <ClInclude Include="src\stages\uml\structure\control_flow\while.h">
      <Filter>Header Files</Filter>
    </ClInclude>
    <ClInclude Include="src\stages\uml\structure\istatement.h">
      <Filter>Header Files</Filter>
    </ClInclude>
    <ClInclude Include="src\stages\src\java\parser.h">
      <Filter>Header Files</Filter>
    </ClInclude>
    <ClInclude Include="src\stages\uml\block_comment.h">
      <Filter>Header Files</Filter>
    </ClInclude>
    <ClInclude Include="src\stages\uml\structure\program.h">
      <Filter>Header Files</Filter>
    </ClInclude>
    <ClInclude Include="src\stages\uml\memory\scope.h">
      <Filter>Header Files</Filter>
    </ClInclude>
    <ClInclude Include="src\stages\asm\gb\color_defs.h">
      <Filter>Header Files</Filter>
    </ClInclude>
  </ItemGroup>
</Project>